
Microsoft Visual Studio Solution File, Format Version 12.00
# Visual Studio Version 17
VisualStudioVersion = 17.1.32210.238
MinimumVisualStudioVersion = 10.0.40219.1
Project("{9A19103F-16F7-4668-BE54-9A1E7A4F7556}") = "CronInterpreter", "CronInterpreter\CronInterpreter.csproj", "{74564073-14C9-41B8-ACA3-D167EF3FF8FD}"
EndProject
Project("{9A19103F-16F7-4668-BE54-9A1E7A4F7556}") = "CronExpression", "CronExpression\CronExpression.csproj", "{39F40CC4-EA6E-4AA4-A5D0-F735EEDB848B}"
EndProject
Project("{FAE04EC0-301F-11D3-BF4B-00C04F79EFBC}") = "Testes", "Testes\Testes.csproj", "{F78F78E8-C475-4927-98B9-A8707C638448}"
EndProject
Global
	GlobalSection(SolutionConfigurationPlatforms) = preSolution
		Debug|Any CPU = Debug|Any CPU
		Release|Any CPU = Release|Any CPU
	EndGlobalSection
	GlobalSection(ProjectConfigurationPlatforms) = postSolution
		{74564073-14C9-41B8-ACA3-D167EF3FF8FD}.Debug|Any CPU.ActiveCfg = Debug|Any CPU
		{74564073-14C9-41B8-ACA3-D167EF3FF8FD}.Debug|Any CPU.Build.0 = Debug|Any CPU
		{74564073-14C9-41B8-ACA3-D167EF3FF8FD}.Release|Any CPU.ActiveCfg = Release|Any CPU
		{74564073-14C9-41B8-ACA3-D167EF3FF8FD}.Release|Any CPU.Build.0 = Release|Any CPU
		{39F40CC4-EA6E-4AA4-A5D0-F735EEDB848B}.Debug|Any CPU.ActiveCfg = Debug|Any CPU
		{39F40CC4-EA6E-4AA4-A5D0-F735EEDB848B}.Debug|Any CPU.Build.0 = Debug|Any CPU
		{39F40CC4-EA6E-4AA4-A5D0-F735EEDB848B}.Release|Any CPU.ActiveCfg = Release|Any CPU
		{39F40CC4-EA6E-4AA4-A5D0-F735EEDB848B}.Release|Any CPU.Build.0 = Release|Any CPU
		{F78F78E8-C475-4927-98B9-A8707C638448}.Debug|Any CPU.ActiveCfg = Debug|Any CPU
		{F78F78E8-C475-4927-98B9-A8707C638448}.Debug|Any CPU.Build.0 = Debug|Any CPU
		{F78F78E8-C475-4927-98B9-A8707C638448}.Release|Any CPU.ActiveCfg = Release|Any CPU
		{F78F78E8-C475-4927-98B9-A8707C638448}.Release|Any CPU.Build.0 = Release|Any CPU
	EndGlobalSection
	GlobalSection(SolutionProperties) = preSolution
		HideSolutionNode = FALSE
	EndGlobalSection
	GlobalSection(ExtensibilityGlobals) = postSolution
		SolutionGuid = {5F348226-5EB3-41FC-AB99-A51347E32DF5}
	EndGlobalSection
EndGlobal
